<?xml version="1.0" encoding="utf-8"?>
<Project ToolsVersion="4.0" xmlns="http://schemas.microsoft.com/developer/msbuild/2003">
  <ItemGroup>
    <Filter Include="DBC">
      <UniqueIdentifier>{10cd2b4f-3740-42d8-b940-5ed802898333}</UniqueIdentifier>
    </Filter>
    <Filter Include="DBC\DBInterface">
      <UniqueIdentifier>{8e4f5d61-9b1e-4d64-9910-3b22a82116c1}</UniqueIdentifier>
    </Filter>
    <Filter Include="DBC\ODBC">
      <UniqueIdentifier>{46e0d22f-80e9-47a1-be25-53b7ed7605b6}</UniqueIdentifier>
    </Filter>
    <Filter Include="DBC\Sqlite">
      <UniqueIdentifier>{37037bff-d720-446a-8eb3-6339e6a3274c}</UniqueIdentifier>
    </Filter>
    <Filter Include="Util">
      <UniqueIdentifier>{d9941147-b4f6-48eb-a191-01cf230dcd46}</UniqueIdentifier>
    </Filter>
    <Filter Include="ThirdParty">
      <UniqueIdentifier>{5c136c45-a399-47f0-949f-c36f57300404}</UniqueIdentifier>
    </Filter>
    <Filter Include="ThirdParty\secure">
      <UniqueIdentifier>{e9920716-a075-4ba5-9ab7-e6afc1ad849c}</UniqueIdentifier>
    </Filter>
    <Filter Include="ThirdParty\tinyxml">
      <UniqueIdentifier>{189f3751-edd4-4fa3-9b1b-25834da6a136}</UniqueIdentifier>
    </Filter>
    <Filter Include="Util\Log">
      <UniqueIdentifier>{4999f69a-8cb3-47f7-b0a8-545c1be6320a}</UniqueIdentifier>
    </Filter>
    <Filter Include="Util\Config">
      <UniqueIdentifier>{475b7049-6727-4d30-9916-40053d6ce215}</UniqueIdentifier>
    </Filter>
    <Filter Include="Util\Container">
      <UniqueIdentifier>{dd004c1c-7bfb-4058-baaa-364b35c2505f}</UniqueIdentifier>
    </Filter>
    <Filter Include="Util\tinyxml">
      <UniqueIdentifier>{fa876f48-9560-4e9d-8dab-a84fc167ce90}</UniqueIdentifier>
    </Filter>
  </ItemGroup>
  <ItemGroup>
    <ClInclude Include="BaseType.h">
      <Filter>DBC\DBInterface</Filter>
    </ClInclude>
    <ClInclude Include="DBDataType.h">
      <Filter>DBC\DBInterface</Filter>
    </ClInclude>
    <ClInclude Include="DBInterface.h">
      <Filter>DBC\DBInterface</Filter>
    </ClInclude>
    <ClInclude Include="ODBCInterface.h">
      <Filter>DBC\ODBC</Filter>
    </ClInclude>
    <ClInclude Include="SqliteInterface.h">
      <Filter>DBC\Sqlite</Filter>
    </ClInclude>
    <ClInclude Include="GameUtil.h">
      <Filter>Util</Filter>
    </ClInclude>
    <ClInclude Include="ConfigManager.h">
      <Filter>Util\Config</Filter>
    </ClInclude>
    <ClInclude Include="MyVector.h">
      <Filter>Util\Container</Filter>
    </ClInclude>
    <ClInclude Include="MyListNode.h">
      <Filter>Util\Container</Filter>
    </ClInclude>
    <ClInclude Include="stdafx.h" />
    <ClInclude Include="targetver.h" />
    <ClInclude Include="Log.h">
      <Filter>Util\Log</Filter>
    </ClInclude>
    <ClInclude Include="MyLog.h">
      <Filter>Util\Log</Filter>
    </ClInclude>
    <ClInclude Include="MyMutex.h">
      <Filter>Util\Log</Filter>
    </ClInclude>
    <ClInclude Include="NoCopyable.h">
      <Filter>Util\Log</Filter>
    </ClInclude>
    <ClInclude Include="tinyxml\tinystr.h">
      <Filter>Util\tinyxml</Filter>
    </ClInclude>
    <ClInclude Include="tinyxml\tinyxml.h">
      <Filter>Util\tinyxml</Filter>
    </ClInclude>
    <ClInclude Include="ConnectServer.h" />
    <ClInclude Include="CircularQueue.h">
      <Filter>Util\Container</Filter>
    </ClInclude>
  </ItemGroup>
  <ItemGroup>
    <ClCompile Include="sqlite3lib\sqlite3secure.c">
      <Filter>ThirdParty\secure</Filter>
    </ClCompile>
    <ClCompile Include="DBDataType.cpp">
      <Filter>DBC\DBInterface</Filter>
    </ClCompile>
    <ClCompile Include="DBInterface.cpp">
      <Filter>DBC\DBInterface</Filter>
    </ClCompile>
    <ClCompile Include="ODBCInterface.cpp">
      <Filter>DBC\ODBC</Filter>
    </ClCompile>
    <ClCompile Include="SqliteInterface.cpp">
      <Filter>DBC\Sqlite</Filter>
    </ClCompile>
    <ClCompile Include="GameUtil.cpp">
      <Filter>Util</Filter>
    </ClCompile>
    <ClCompile Include="ConfigManager.cpp">
      <Filter>Util\Config</Filter>
    </ClCompile>
    <ClCompile Include="MyVector.cpp">
      <Filter>Util\Container</Filter>
    </ClCompile>
    <ClCompile Include="MyListNode.cpp">
      <Filter>Util\Container</Filter>
    </ClCompile>
    <ClCompile Include="stdafx.cpp" />
    <ClCompile Include="Main.cpp" />
    <ClCompile Include="Log.cpp">
      <Filter>Util\Log</Filter>
    </ClCompile>
    <ClCompile Include="MyLog.cpp">
      <Filter>Util\Log</Filter>
    </ClCompile>
    <ClCompile Include="MyMutex.cpp">
      <Filter>Util\Log</Filter>
    </ClCompile>
    <ClCompile Include="tinyxml\tinystr.cpp">
      <Filter>Util\tinyxml</Filter>
    </ClCompile>
    <ClCompile Include="tinyxml\tinyxml.cpp">
      <Filter>Util\tinyxml</Filter>
    </ClCompile>
    <ClCompile Include="tinyxml\tinyxmlerror.cpp">
      <Filter>Util\tinyxml</Filter>
    </ClCompile>
    <ClCompile Include="tinyxml\tinyxmlparser.cpp">
      <Filter>Util\tinyxml</Filter>
    </ClCompile>
    <ClCompile Include="ConnectServer.cpp" />
  </ItemGroup>
  <ItemGroup>
    <Text Include="ReadMe.txt" />
  </ItemGroup>
</Project>